
Microsoft Visual Studio Solution File, Format Version 11.00
# Visual Studio 2010
Project("{FAE04EC0-301F-11D3-BF4B-00C04F79EFBC}") = "Assembly-CSharp", "Assembly-CSharp.csproj", "{68a838d4-7ace-eaa2-9cd8-3c815213fe43}"
EndProject
Project("{FAE04EC0-301F-11D3-BF4B-00C04F79EFBC}") = "Assembly-CSharp-Editor", "Assembly-CSharp-Editor.csproj", "{1707aa49-ad69-5e9e-47e7-3be48850881d}"
EndProject
Global
	GlobalSection(SolutionConfigurationPlatforms) = preSolution
		Debug|Any CPU = Debug|Any CPU
	EndGlobalSection
	GlobalSection(ProjectConfigurationPlatforms) = postSolution
		{68a838d4-7ace-eaa2-9cd8-3c815213fe43}.Debug|Any CPU.ActiveCfg = Debug|Any CPU
		{68a838d4-7ace-eaa2-9cd8-3c815213fe43}.Debug|Any CPU.Build.0 = Debug|Any CPU
		{1707aa49-ad69-5e9e-47e7-3be48850881d}.Debug|Any CPU.ActiveCfg = Debug|Any CPU
		{1707aa49-ad69-5e9e-47e7-3be48850881d}.Debug|Any CPU.Build.0 = Debug|Any CPU
	EndGlobalSection
	GlobalSection(SolutionProperties) = preSolution
		HideSolutionNode = FALSE
	EndGlobalSection
EndGlobal
